
Microsoft Visual Studio Solution File, Format Version 12.00
# Visual Studio Version 16
VisualStudioVersion = 16.0.31129.286
MinimumVisualStudioVersion = 10.0.40219.1
Project("{9A19103F-16F7-4668-BE54-9A1E7A4F7556}") = "Quanzk.ShoppingMall.UserServices", "Quanzk.ShoppingMall.UserServices\Quanzk.ShoppingMall.UserServices.csproj", "{599187B3-4A0D-4F70-BE57-0ABB4F42727D}"
EndProject
Project("{9A19103F-16F7-4668-BE54-9A1E7A4F7556}") = "Quanzk.ShoppingMall.ProductServices", "Quanzk.ShoppingMall.ProductServices\Quanzk.ShoppingMall.ProductServices.csproj", "{B3E6A4E1-901B-4FC1-8625-108E4C52DD4F}"
EndProject
Project("{9A19103F-16F7-4668-BE54-9A1E7A4F7556}") = "Quanzk.ShoppingMall.SeckillServices", "Quanzk.ShoppingMall.SeckillServices\Quanzk.ShoppingMall.SeckillServices.csproj", "{2855EB70-33CA-4B99-A69D-82DC677107F0}"
EndProject
Project("{2150E333-8FDC-42A3-9474-1A3956D46DE8}") = "Services", "Services", "{6E2ABFA4-95AE-4256-9BE1-9C27C4FFE257}"
EndProject
Project("{2150E333-8FDC-42A3-9474-1A3956D46DE8}") = "Framework", "Framework", "{C07554BF-8B5F-47DC-8F1D-A51D430E6BF6}"
EndProject
Project("{2150E333-8FDC-42A3-9474-1A3956D46DE8}") = "Src", "Src", "{CA5F422E-F991-4EB6-9488-EFC4ACCE295C}"
EndProject
Project("{9A19103F-16F7-4668-BE54-9A1E7A4F7556}") = "Quanzk.ShoppingMall.OrderServices", "Quanzk.ShoppingMall.OrderServices\Quanzk.ShoppingMall.OrderServices.csproj", "{5E82B499-42CF-4C08-B15C-3AC4805878F1}"
EndProject
Project("{9A19103F-16F7-4668-BE54-9A1E7A4F7556}") = "Quanzk.ShoppingMall.PaymentServices", "Quanzk.ShoppingMall.PaymentServices\Quanzk.ShoppingMall.PaymentServices.csproj", "{2CD0F0C9-D2CC-40CD-A376-EDD3BC3D201F}"
EndProject
Project("{9A19103F-16F7-4668-BE54-9A1E7A4F7556}") = "Quanzk.ShoppingMall.SeckillAggregateServices", "Quanzk.ShoppingMall.SeckillAggregateServices\Quanzk.ShoppingMall.SeckillAggregateServices.csproj", "{33756FB5-5C9B-4189-B4E1-8E1863E42E81}"
EndProject
Project("{9A19103F-16F7-4668-BE54-9A1E7A4F7556}") = "Quanzk.Cores", "Quanzk.Cores\Quanzk.Cores.csproj", "{0703B5A6-F454-46A4-8348-13C3DD5C862F}"
EndProject
Project("{9A19103F-16F7-4668-BE54-9A1E7A4F7556}") = "Quanzk.Commons", "Quanzk.Commons\Quanzk.Commons.csproj", "{013B305F-6C30-4314-9345-393AC1940B60}"
EndProject
Project("{2150E333-8FDC-42A3-9474-1A3956D46DE8}") = "Middles", "Middles", "{BCE31205-6936-4BCF-9AE8-5E81DD171822}"
EndProject
Project("{2150E333-8FDC-42A3-9474-1A3956D46DE8}") = "Fronts", "Fronts", "{A0A00747-7719-41A1-87D2-E96596698B53}"
EndProject
Project("{9A19103F-16F7-4668-BE54-9A1E7A4F7556}") = "Quanzk.ShoppingMall.SeckillWeb", "Quanzk.ShoppingMall.SeckillWeb\Quanzk.ShoppingMall.SeckillWeb.csproj", "{B1DD0282-9969-4749-953D-263470910A22}"
EndProject
Project("{2150E333-8FDC-42A3-9474-1A3956D46DE8}") = "Backends", "Backends", "{3389941E-3EA5-415C-9FBC-E953C0830D91}"
EndProject
Project("{2150E333-8FDC-42A3-9474-1A3956D46DE8}") = "Solution Items", "Solution Items", "{DB30508E-92F4-470A-BBDD-62DAACF058A4}"
EndProject
Project("{9A19103F-16F7-4668-BE54-9A1E7A4F7556}") = "Quanzk.ShoppingMall.Gateway", "Quanzk.ShoppingMall.Gateway\Quanzk.ShoppingMall.Gateway.csproj", "{757505AA-ACAE-4565-A2AC-281478CE660E}"
EndProject
Project("{9A19103F-16F7-4668-BE54-9A1E7A4F7556}") = "Quanzk.ShoppingMall.IdentityServer4", "Quanzk.ShoppingMall.IdentityServer4\Quanzk.ShoppingMall.IdentityServer4.csproj", "{C99F734F-592B-4654-850F-BE1B5E70DDEE}"
EndProject
Project("{2150E333-8FDC-42A3-9474-1A3956D46DE8}") = "Test", "Test", "{166CA75F-5425-4A5F-9932-877F8FD887E7}"
EndProject
Project("{9A19103F-16F7-4668-BE54-9A1E7A4F7556}") = "Quanzk.ShoppingMall.Test", "Quanzk.ShoppingMall.Test\Quanzk.ShoppingMall.Test.csproj", "{062F4043-BEAD-4684-964F-A8ECFC5533B7}"
EndProject
Project("{FAE04EC0-301F-11D3-BF4B-00C04F79EFBC}") = "Quanzk.ShoppingMall.TestWeb", "Quanzk.ShoppingMall.TestWeb\Quanzk.ShoppingMall.TestWeb.csproj", "{39572E46-9B94-44D5-9171-A4F63ACB8C3F}"
EndProject
Project("{FAE04EC0-301F-11D3-BF4B-00C04F79EFBC}") = "Quanzk.ShoppingMall.Testb", "Quanzk.ShoppingMall.Testb\Quanzk.ShoppingMall.Testb.csproj", "{94D74E91-39F4-46E2-B9CB-21963F191901}"
EndProject
Global
	GlobalSection(SolutionConfigurationPlatforms) = preSolution
		Debug|Any CPU = Debug|Any CPU
		Release|Any CPU = Release|Any CPU
	EndGlobalSection
	GlobalSection(ProjectConfigurationPlatforms) = postSolution
		{599187B3-4A0D-4F70-BE57-0ABB4F42727D}.Debug|Any CPU.ActiveCfg = Debug|Any CPU
		{599187B3-4A0D-4F70-BE57-0ABB4F42727D}.Debug|Any CPU.Build.0 = Debug|Any CPU
		{599187B3-4A0D-4F70-BE57-0ABB4F42727D}.Release|Any CPU.ActiveCfg = Release|Any CPU
		{599187B3-4A0D-4F70-BE57-0ABB4F42727D}.Release|Any CPU.Build.0 = Release|Any CPU
		{B3E6A4E1-901B-4FC1-8625-108E4C52DD4F}.Debug|Any CPU.ActiveCfg = Debug|Any CPU
		{B3E6A4E1-901B-4FC1-8625-108E4C52DD4F}.Debug|Any CPU.Build.0 = Debug|Any CPU
		{B3E6A4E1-901B-4FC1-8625-108E4C52DD4F}.Release|Any CPU.ActiveCfg = Release|Any CPU
		{B3E6A4E1-901B-4FC1-8625-108E4C52DD4F}.Release|Any CPU.Build.0 = Release|Any CPU
		{2855EB70-33CA-4B99-A69D-82DC677107F0}.Debug|Any CPU.ActiveCfg = Debug|Any CPU
		{2855EB70-33CA-4B99-A69D-82DC677107F0}.Debug|Any CPU.Build.0 = Debug|Any CPU
		{2855EB70-33CA-4B99-A69D-82DC677107F0}.Release|Any CPU.ActiveCfg = Release|Any CPU
		{2855EB70-33CA-4B99-A69D-82DC677107F0}.Release|Any CPU.Build.0 = Release|Any CPU
		{5E82B499-42CF-4C08-B15C-3AC4805878F1}.Debug|Any CPU.ActiveCfg = Debug|Any CPU
		{5E82B499-42CF-4C08-B15C-3AC4805878F1}.Debug|Any CPU.Build.0 = Debug|Any CPU
		{5E82B499-42CF-4C08-B15C-3AC4805878F1}.Release|Any CPU.ActiveCfg = Release|Any CPU
		{5E82B499-42CF-4C08-B15C-3AC4805878F1}.Release|Any CPU.Build.0 = Release|Any CPU
		{2CD0F0C9-D2CC-40CD-A376-EDD3BC3D201F}.Debug|Any CPU.ActiveCfg = Debug|Any CPU
		{2CD0F0C9-D2CC-40CD-A376-EDD3BC3D201F}.Debug|Any CPU.Build.0 = Debug|Any CPU
		{2CD0F0C9-D2CC-40CD-A376-EDD3BC3D201F}.Release|Any CPU.ActiveCfg = Release|Any CPU
		{2CD0F0C9-D2CC-40CD-A376-EDD3BC3D201F}.Release|Any CPU.Build.0 = Release|Any CPU
		{33756FB5-5C9B-4189-B4E1-8E1863E42E81}.Debug|Any CPU.ActiveCfg = Debug|Any CPU
		{33756FB5-5C9B-4189-B4E1-8E1863E42E81}.Debug|Any CPU.Build.0 = Debug|Any CPU
		{33756FB5-5C9B-4189-B4E1-8E1863E42E81}.Release|Any CPU.ActiveCfg = Release|Any CPU
		{33756FB5-5C9B-4189-B4E1-8E1863E42E81}.Release|Any CPU.Build.0 = Release|Any CPU
		{0703B5A6-F454-46A4-8348-13C3DD5C862F}.Debug|Any CPU.ActiveCfg = Debug|Any CPU
		{0703B5A6-F454-46A4-8348-13C3DD5C862F}.Debug|Any CPU.Build.0 = Debug|Any CPU
		{0703B5A6-F454-46A4-8348-13C3DD5C862F}.Release|Any CPU.ActiveCfg = Release|Any CPU
		{0703B5A6-F454-46A4-8348-13C3DD5C862F}.Release|Any CPU.Build.0 = Release|Any CPU
		{013B305F-6C30-4314-9345-393AC1940B60}.Debug|Any CPU.ActiveCfg = Debug|Any CPU
		{013B305F-6C30-4314-9345-393AC1940B60}.Debug|Any CPU.Build.0 = Debug|Any CPU
		{013B305F-6C30-4314-9345-393AC1940B60}.Release|Any CPU.ActiveCfg = Release|Any CPU
		{013B305F-6C30-4314-9345-393AC1940B60}.Release|Any CPU.Build.0 = Release|Any CPU
		{B1DD0282-9969-4749-953D-263470910A22}.Debug|Any CPU.ActiveCfg = Debug|Any CPU
		{B1DD0282-9969-4749-953D-263470910A22}.Debug|Any CPU.Build.0 = Debug|Any CPU
		{B1DD0282-9969-4749-953D-263470910A22}.Release|Any CPU.ActiveCfg = Release|Any CPU
		{B1DD0282-9969-4749-953D-263470910A22}.Release|Any CPU.Build.0 = Release|Any CPU
		{757505AA-ACAE-4565-A2AC-281478CE660E}.Debug|Any CPU.ActiveCfg = Debug|Any CPU
		{757505AA-ACAE-4565-A2AC-281478CE660E}.Debug|Any CPU.Build.0 = Debug|Any CPU
		{757505AA-ACAE-4565-A2AC-281478CE660E}.Release|Any CPU.ActiveCfg = Release|Any CPU
		{757505AA-ACAE-4565-A2AC-281478CE660E}.Release|Any CPU.Build.0 = Release|Any CPU
		{C99F734F-592B-4654-850F-BE1B5E70DDEE}.Debug|Any CPU.ActiveCfg = Debug|Any CPU
		{C99F734F-592B-4654-850F-BE1B5E70DDEE}.Debug|Any CPU.Build.0 = Debug|Any CPU
		{C99F734F-592B-4654-850F-BE1B5E70DDEE}.Release|Any CPU.ActiveCfg = Release|Any CPU
		{C99F734F-592B-4654-850F-BE1B5E70DDEE}.Release|Any CPU.Build.0 = Release|Any CPU
		{062F4043-BEAD-4684-964F-A8ECFC5533B7}.Debug|Any CPU.ActiveCfg = Debug|Any CPU
		{062F4043-BEAD-4684-964F-A8ECFC5533B7}.Debug|Any CPU.Build.0 = Debug|Any CPU
		{062F4043-BEAD-4684-964F-A8ECFC5533B7}.Release|Any CPU.ActiveCfg = Release|Any CPU
		{062F4043-BEAD-4684-964F-A8ECFC5533B7}.Release|Any CPU.Build.0 = Release|Any CPU
		{39572E46-9B94-44D5-9171-A4F63ACB8C3F}.Debug|Any CPU.ActiveCfg = Debug|Any CPU
		{39572E46-9B94-44D5-9171-A4F63ACB8C3F}.Debug|Any CPU.Build.0 = Debug|Any CPU
		{39572E46-9B94-44D5-9171-A4F63ACB8C3F}.Release|Any CPU.ActiveCfg = Release|Any CPU
		{39572E46-9B94-44D5-9171-A4F63ACB8C3F}.Release|Any CPU.Build.0 = Release|Any CPU
		{94D74E91-39F4-46E2-B9CB-21963F191901}.Debug|Any CPU.ActiveCfg = Debug|Any CPU
		{94D74E91-39F4-46E2-B9CB-21963F191901}.Debug|Any CPU.Build.0 = Debug|Any CPU
		{94D74E91-39F4-46E2-B9CB-21963F191901}.Release|Any CPU.ActiveCfg = Release|Any CPU
		{94D74E91-39F4-46E2-B9CB-21963F191901}.Release|Any CPU.Build.0 = Release|Any CPU
	EndGlobalSection
	GlobalSection(SolutionProperties) = preSolution
		HideSolutionNode = FALSE
	EndGlobalSection
	GlobalSection(NestedProjects) = preSolution
		{599187B3-4A0D-4F70-BE57-0ABB4F42727D} = {6E2ABFA4-95AE-4256-9BE1-9C27C4FFE257}
		{B3E6A4E1-901B-4FC1-8625-108E4C52DD4F} = {6E2ABFA4-95AE-4256-9BE1-9C27C4FFE257}
		{2855EB70-33CA-4B99-A69D-82DC677107F0} = {6E2ABFA4-95AE-4256-9BE1-9C27C4FFE257}
		{6E2ABFA4-95AE-4256-9BE1-9C27C4FFE257} = {CA5F422E-F991-4EB6-9488-EFC4ACCE295C}
		{C07554BF-8B5F-47DC-8F1D-A51D430E6BF6} = {CA5F422E-F991-4EB6-9488-EFC4ACCE295C}
		{5E82B499-42CF-4C08-B15C-3AC4805878F1} = {6E2ABFA4-95AE-4256-9BE1-9C27C4FFE257}
		{2CD0F0C9-D2CC-40CD-A376-EDD3BC3D201F} = {6E2ABFA4-95AE-4256-9BE1-9C27C4FFE257}
		{33756FB5-5C9B-4189-B4E1-8E1863E42E81} = {BCE31205-6936-4BCF-9AE8-5E81DD171822}
		{0703B5A6-F454-46A4-8348-13C3DD5C862F} = {C07554BF-8B5F-47DC-8F1D-A51D430E6BF6}
		{013B305F-6C30-4314-9345-393AC1940B60} = {C07554BF-8B5F-47DC-8F1D-A51D430E6BF6}
		{BCE31205-6936-4BCF-9AE8-5E81DD171822} = {CA5F422E-F991-4EB6-9488-EFC4ACCE295C}
		{A0A00747-7719-41A1-87D2-E96596698B53} = {CA5F422E-F991-4EB6-9488-EFC4ACCE295C}
		{B1DD0282-9969-4749-953D-263470910A22} = {A0A00747-7719-41A1-87D2-E96596698B53}
		{3389941E-3EA5-415C-9FBC-E953C0830D91} = {CA5F422E-F991-4EB6-9488-EFC4ACCE295C}
		{757505AA-ACAE-4565-A2AC-281478CE660E} = {BCE31205-6936-4BCF-9AE8-5E81DD171822}
		{C99F734F-592B-4654-850F-BE1B5E70DDEE} = {6E2ABFA4-95AE-4256-9BE1-9C27C4FFE257}
		{062F4043-BEAD-4684-964F-A8ECFC5533B7} = {166CA75F-5425-4A5F-9932-877F8FD887E7}
		{39572E46-9B94-44D5-9171-A4F63ACB8C3F} = {166CA75F-5425-4A5F-9932-877F8FD887E7}
		{94D74E91-39F4-46E2-B9CB-21963F191901} = {166CA75F-5425-4A5F-9932-877F8FD887E7}
	EndGlobalSection
	GlobalSection(ExtensibilityGlobals) = postSolution
		SolutionGuid = {231AA912-B9E3-401F-B46B-B5165C2C5871}
	EndGlobalSection
EndGlobal
